
Microsoft Visual Studio Solution File, Format Version 12.00
# Visual Studio Version 17
VisualStudioVersion = 17.10.35013.160
MinimumVisualStudioVersion = 10.0.40219.1
Project("{FAE04EC0-301F-11D3-BF4B-00C04F79EFBC}") = "SmartNotificationSender", "SmartNotificationSender\SmartNotificationSender.csproj", "{164D04A4-6ED7-4BD5-AAAF-623FD93AD742}"
EndProject
Global
	GlobalSection(SolutionConfigurationPlatforms) = preSolution
		Debug|Any CPU = Debug|Any CPU
		Release|Any CPU = Release|Any CPU
	EndGlobalSection
	GlobalSection(ProjectConfigurationPlatforms) = postSolution
		{164D04A4-6ED7-4BD5-AAAF-623FD93AD742}.Debug|Any CPU.ActiveCfg = Debug|Any CPU
		{164D04A4-6ED7-4BD5-AAAF-623FD93AD742}.Debug|Any CPU.Build.0 = Debug|Any CPU
		{164D04A4-6ED7-4BD5-AAAF-623FD93AD742}.Release|Any CPU.ActiveCfg = Release|Any CPU
		{164D04A4-6ED7-4BD5-AAAF-623FD93AD742}.Release|Any CPU.Build.0 = Release|Any CPU
	EndGlobalSection
	GlobalSection(SolutionProperties) = preSolution
		HideSolutionNode = FALSE
	EndGlobalSection
	GlobalSection(ExtensibilityGlobals) = postSolution
		SolutionGuid = {61B1FCE4-ADCC-4AE2-B794-C7046CB07D45}
	EndGlobalSection
EndGlobal
